
Microsoft Visual Studio Solution File, Format Version 12.00
# Visual Studio Version 17
VisualStudioVersion = 17.6.33723.286
MinimumVisualStudioVersion = 10.0.40219.1
Project("{FAE04EC0-301F-11D3-BF4B-00C04F79EFBC}") = "Notion HERITAGE", "Notion HERITAGE\Notion HERITAGE.csproj", "{9731A683-93D6-4A8F-B8E0-817357A74FC3}"
EndProject
Global
	GlobalSection(SolutionConfigurationPlatforms) = preSolution
		Debug|Any CPU = Debug|Any CPU
		Release|Any CPU = Release|Any CPU
	EndGlobalSection
	GlobalSection(ProjectConfigurationPlatforms) = postSolution
		{9731A683-93D6-4A8F-B8E0-817357A74FC3}.Debug|Any CPU.ActiveCfg = Debug|Any CPU
		{9731A683-93D6-4A8F-B8E0-817357A74FC3}.Debug|Any CPU.Build.0 = Debug|Any CPU
		{9731A683-93D6-4A8F-B8E0-817357A74FC3}.Release|Any CPU.ActiveCfg = Release|Any CPU
		{9731A683-93D6-4A8F-B8E0-817357A74FC3}.Release|Any CPU.Build.0 = Release|Any CPU
	EndGlobalSection
	GlobalSection(SolutionProperties) = preSolution
		HideSolutionNode = FALSE
	EndGlobalSection
	GlobalSection(ExtensibilityGlobals) = postSolution
		SolutionGuid = {80518A81-BD9B-4393-A9C5-6FFFB5586F0F}
	EndGlobalSection
EndGlobal
